
Microsoft Visual Studio Solution File, Format Version 12.00
# Visual Studio Version 16
VisualStudioVersion = 16.0.30611.23
MinimumVisualStudioVersion = 10.0.40219.1
Project("{FAE04EC0-301F-11D3-BF4B-00C04F79EFBC}") = "Web", "Web\Web.csproj", "{F15D187B-26A7-417A-A103-8FF1D0888F7B}"
EndProject
Global
	GlobalSection(SolutionConfigurationPlatforms) = preSolution
		Debug|Any CPU = Debug|Any CPU
		Release|Any CPU = Release|Any CPU
	EndGlobalSection
	GlobalSection(ProjectConfigurationPlatforms) = postSolution
		{F15D187B-26A7-417A-A103-8FF1D0888F7B}.Debug|Any CPU.ActiveCfg = Debug|Any CPU
		{F15D187B-26A7-417A-A103-8FF1D0888F7B}.Debug|Any CPU.Build.0 = Debug|Any CPU
		{F15D187B-26A7-417A-A103-8FF1D0888F7B}.Release|Any CPU.ActiveCfg = Release|Any CPU
		{F15D187B-26A7-417A-A103-8FF1D0888F7B}.Release|Any CPU.Build.0 = Release|Any CPU
	EndGlobalSection
	GlobalSection(SolutionProperties) = preSolution
		HideSolutionNode = FALSE
	EndGlobalSection
	GlobalSection(ExtensibilityGlobals) = postSolution
		SolutionGuid = {38B7B08F-AF2B-4D9C-8153-35AA7C8172BB}
	EndGlobalSection
EndGlobal
